# This file is @generated by PDM.
# It is not intended for manual editing.

[metadata]
groups = ["default", "dev"]
strategy = ["inherit_metadata"]
lock_version = "4.5.0"
content_hash = "sha256:d985ce341e2b12b0abab22004fc1e7dcaaac54badaaa70592b28676ea3dc13ea"

[[metadata.targets]]
requires_python = "==3.13.*"

[[package]]
name = "aiofiles"
version = "25.1.0"
requires_python = ">=3.9"
summary = "File support for asyncio."
groups = ["default"]
files = [
    {file = "aiofiles-25.1.0-py3-none-any.whl", hash = "sha256:abe311e527c862958650f9438e859c1fa7568a141b22abcd015e120e86a85695"},
    {file = "aiofiles-25.1.0.tar.gz", hash = "sha256:a8d728f0a29de45dc521f18f07297428d56992a742f0cd2701ba86e44d23d5b2"},
]

[[package]]
name = "annotated-doc"
version = "0.0.4"
requires_python = ">=3.8"
summary = "Document parameters, class attributes, return types, and variables inline, with Annotated."
groups = ["default"]
files = [
    {file = "annotated_doc-0.0.4-py3-none-any.whl", hash = "sha256:571ac1dc6991c450b25a9c2d84a3705e2ae7a53467b5d111c24fa8baabbed320"},
    {file = "annotated_doc-0.0.4.tar.gz", hash = "sha256:fbcda96e87e9c92ad167c2e53839e57503ecfda18804ea28102353485033faa4"},
]

[[package]]
name = "annotated-types"
version = "0.7.0"
requires_python = ">=3.8"
summary = "Reusable constraint types to use with typing.Annotated"
groups = ["default"]
dependencies = [
    "typing-extensions>=4.0.0; python_version < \"3.9\"",
]
files = [
    {file = "annotated_types-0.7.0-py3-none-any.whl", hash = "sha256:1f02e8b43a8fbbc3f3e0d4f0f4bfc8131bcb4eebe8849b8e5c773f3a1c582a53"},
    {file = "annotated_types-0.7.0.tar.gz", hash = "sha256:aff07c09a53a08bc8cfccb9c85b05f1aa9a2a6f23728d790723543408344ce89"},
]

[[package]]
name = "anyio"
version = "4.12.0"
requires_python = ">=3.9"
summary = "High-level concurrency and networking framework on top of asyncio or Trio"
groups = ["default", "dev"]
dependencies = [
    "exceptiongroup>=1.0.2; python_version < \"3.11\"",
    "idna>=2.8",
    "typing-extensions>=4.5; python_version < \"3.13\"",
]
files = [
    {file = "anyio-4.12.0-py3-none-any.whl", hash = "sha256:dad2376a628f98eeca4881fc56cd06affd18f659b17a747d3ff0307ced94b1bb"},
    {file = "anyio-4.12.0.tar.gz", hash = "sha256:73c693b567b0c55130c104d0b43a9baf3aa6a31fc6110116509f27bf75e21ec0"},
]

[[package]]
name = "anysqlite"
version = "0.0.5"
requires_python = ">=3.8"
summary = ""
groups = ["dev"]
dependencies = [
    "anyio>3.4.0",
]
files = [
    {file = "anysqlite-0.0.5-py3-none-any.whl", hash = "sha256:cb345dc4f76f6b37f768d7a0b3e9cf5c700dfcb7a6356af8ab46a11f666edbe7"},
    {file = "anysqlite-0.0.5.tar.gz", hash = "sha256:9dfcf87baf6b93426ad1d9118088c41dbf24ef01b445eea4a5d486bac2755cce"},
]

[[package]]
name = "blinker"
version = "1.9.0"
requires_python = ">=3.9"
summary = "Fast, simple object-to-object and broadcast signaling"
groups = ["dev"]
files = [
    {file = "blinker-1.9.0-py3-none-any.whl", hash = "sha256:ba0efaa9080b619ff2f3459d1d500c57bddea4a6b424b60a91141db6fd2f08bc"},
    {file = "blinker-1.9.0.tar.gz", hash = "sha256:b4ce2265a7abece45e7cc896e98dbebe6cead56bcf805a3d23136d145f5445bf"},
]

[[package]]
name = "certifi"
version = "2026.1.4"
requires_python = ">=3.7"
summary = "Python package for providing Mozilla's CA Bundle."
groups = ["default", "dev"]
files = [
    {file = "certifi-2026.1.4-py3-none-any.whl", hash = "sha256:9943707519e4add1115f44c2bc244f782c0249876bf51b6599fee1ffbedd685c"},
    {file = "certifi-2026.1.4.tar.gz", hash = "sha256:ac726dd470482006e014ad384921ed6438c457018f4b3d204aea4281258b2120"},
]

[[package]]
name = "charset-normalizer"
version = "3.4.4"
requires_python = ">=3.7"
summary = "The Real First Universal Charset Detector. Open, modern and actively maintained alternative to Chardet."
groups = ["dev"]
files = [
    {file = "charset_normalizer-3.4.4-cp313-cp313-macosx_10_13_universal2.whl", hash = "sha256:e1f185f86a6f3403aa2420e815904c67b2f9ebc443f045edd0de921108345794"},
    {file = "charset_normalizer-3.4.4-cp313-cp313-manylinux2014_aarch64.manylinux_2_17_aarch64.manylinux_2_28_aarch64.whl", hash = "sha256:6b39f987ae8ccdf0d2642338faf2abb1862340facc796048b604ef14919e55ed"},
    {file = "charset_normalizer-3.4.4-cp313-cp313-manylinux2014_armv7l.manylinux_2_17_armv7l.manylinux_2_31_armv7l.whl", hash = "sha256:3162d5d8ce1bb98dd51af660f2121c55d0fa541b46dff7bb9b9f86ea1d87de72"},
    {file = "charset_normalizer-3.4.4-cp313-cp313-manylinux2014_ppc64le.manylinux_2_17_ppc64le.manylinux_2_28_ppc64le.whl", hash = "sha256:81d5eb2a312700f4ecaa977a8235b634ce853200e828fbadf3a9c50bab278328"},
    {file = "charset_normalizer-3.4.4-cp313-cp313-manylinux2014_s390x.manylinux_2_17_s390x.manylinux_2_28_s390x.whl", hash = "sha256:5bd2293095d766545ec1a8f612559f6b40abc0eb18bb2f5d1171872d34036ede"},
    {file = "charset_normalizer-3.4.4-cp313-cp313-manylinux2014_x86_64.manylinux_2_17_x86_64.manylinux_2_28_x86_64.whl", hash = "sha256:a8a8b89589086a25749f471e6a900d3f662d1d3b6e2e59dcecf787b1cc3a1894"},
    {file = "charset_normalizer-3.4.4-cp313-cp313-manylinux_2_31_riscv64.manylinux_2_39_riscv64.whl", hash = "sha256:bc7637e2f80d8530ee4a78e878bce464f70087ce73cf7c1caf142416923b98f1"},
    {file = "charset_normalizer-3.4.4-cp313-cp313-musllinux_1_2_aarch64.whl", hash = "sha256:f8bf04158c6b607d747e93949aa60618b61312fe647a6369f88ce2ff16043490"},
    {file = "charset_normalizer-3.4.4-cp313-cp313-musllinux_1_2_armv7l.whl", hash = "sha256:554af85e960429cf30784dd47447d5125aaa3b99a6f0683589dbd27e2f45da44"},
    {file = "charset_normalizer-3.4.4-cp313-cp313-musllinux_1_2_ppc64le.whl", hash = "sha256:74018750915ee7ad843a774364e13a3db91682f26142baddf775342c3f5b1133"},
    {file = "charset_normalizer-3.4.4-cp313-cp313-musllinux_1_2_riscv64.whl", hash = "sha256:c0463276121fdee9c49b98908b3a89c39be45d86d1dbaa22957e38f6321d4ce3"},
    {file = "charset_normalizer-3.4.4-cp313-cp313-musllinux_1_2_s390x.whl", hash = "sha256:362d61fd13843997c1c446760ef36f240cf81d3ebf74ac62652aebaf7838561e"},
    {file = "charset_normalizer-3.4.4-cp313-cp313-musllinux_1_2_x86_64.whl", hash = "sha256:9a26f18905b8dd5d685d6d07b0cdf98a79f3c7a918906af7cc143ea2e164c8bc"},
    {file = "charset_normalizer-3.4.4-cp313-cp313-win32.whl", hash = "sha256:9b35f4c90079ff2e2edc5b26c0c77925e5d2d255c42c74fdb70fb49b172726ac"},
    {file = "charset_normalizer-3.4.4-cp313-cp313-win_amd64.whl", hash = "sha256:b435cba5f4f750aa6c0a0d92c541fb79f69a387c91e61f1795227e4ed9cece14"},
    {file = "charset_normalizer-3.4.4-cp313-cp313-win_arm64.whl", hash = "sha256:542d2cee80be6f80247095cc36c418f7bddd14f4a6de45af91dfad36d817bba2"},
    {file = "charset_normalizer-3.4.4-py3-none-any.whl", hash = "sha256:7a32c560861a02ff789ad905a2fe94e3f840803362c84fecf1851cb4cf3dc37f"},
    {file = "charset_normalizer-3.4.4.tar.gz", hash = "sha256:94537985111c35f28720e43603b8e7b43a6ecfb2ce1d3058bbe955b73404e21a"},
]

[[package]]
name = "click"
version = "8.3.1"
requires_python = ">=3.10"
summary = "Composable command line interface toolkit"
groups = ["default"]
dependencies = [
    "colorama; platform_system == \"Windows\"",
]
files = [
    {file = "click-8.3.1-py3-none-any.whl", hash = "sha256:981153a64e25f12d547d3426c367a4857371575ee7ad18df2a6183ab0545b2a6"},
    {file = "click-8.3.1.tar.gz", hash = "sha256:12ff4785d337a1bb490bb7e9c2b1ee5da3112e94a8622f26a6c77f5d2fc6842a"},
]

[[package]]
name = "colorama"
version = "0.4.6"
requires_python = "!=3.0.*,!=3.1.*,!=3.2.*,!=3.3.*,!=3.4.*,!=3.5.*,!=3.6.*,>=2.7"
summary = "Cross-platform colored terminal text."
groups = ["default"]
marker = "platform_system == \"Windows\""
files = [
    {file = "colorama-0.4.6-py2.py3-none-any.whl", hash = "sha256:4f1d9991f5acc0ca119f9d443620b77f9d6b33703e51011c16baf57afb285fc6"},
    {file = "colorama-0.4.6.tar.gz", hash = "sha256:08695f5cb7ed6e0531a20572697297273c47b8cae5a63ffc6d6ed5c201be6e44"},
]

[[package]]
name = "dep-logic"
version = "0.5.2"
requires_python = ">=3.8"
summary = "Python dependency specifications supporting logical operations"
groups = ["dev"]
dependencies = [
    "packaging>=22",
]
files = [
    {file = "dep_logic-0.5.2-py3-none-any.whl", hash = "sha256:0e72ab6676afd32fe8702896a8b9886bddd6ccd457b77ba360e7b6c4c95ce4c0"},
    {file = "dep_logic-0.5.2.tar.gz", hash = "sha256:f8dc4a74d1bad0d35a45c236572cf5d6534b5c2e84de87f2a354c849eec7e562"},
]

[[package]]
name = "distlib"
version = "0.4.0"
summary = "Distribution utilities"
groups = ["dev"]
files = [
    {file = "distlib-0.4.0-py2.py3-none-any.whl", hash = "sha256:9659f7d87e46584a30b5780e43ac7a2143098441670ff0a49d5f9034c54a6c16"},
    {file = "distlib-0.4.0.tar.gz", hash = "sha256:feec40075be03a04501a973d81f633735b4b69f98b05450592310c0f401a4e0d"},
]

[[package]]
name = "fastapi"
version = "0.128.0"
requires_python = ">=3.9"
summary = "FastAPI framework, high performance, easy to learn, fast to code, ready for production"
groups = ["default"]
dependencies = [
    "annotated-doc>=0.0.2",
    "pydantic>=2.7.0",
    "starlette<0.51.0,>=0.40.0",
    "typing-extensions>=4.8.0",
]
files = [
    {file = "fastapi-0.128.0-py3-none-any.whl", hash = "sha256:aebd93f9716ee3b4f4fcfe13ffb7cf308d99c9f3ab5622d8877441072561582d"},
    {file = "fastapi-0.128.0.tar.gz", hash = "sha256:1cc179e1cef10a6be60ffe429f79b829dce99d8de32d7acb7e6c8dfdf7f2645a"},
]

[[package]]
name = "filelock"
version = "3.20.2"
requires_python = ">=3.10"
summary = "A platform independent file lock."
groups = ["dev"]
files = [
    {file = "filelock-3.20.2-py3-none-any.whl", hash = "sha256:fbba7237d6ea277175a32c54bb71ef814a8546d8601269e1bfc388de333974e8"},
    {file = "filelock-3.20.2.tar.gz", hash = "sha256:a2241ff4ddde2a7cebddf78e39832509cb045d18ec1a09d7248d6bfc6bfbbe64"},
]

[[package]]
name = "findpython"
version = "0.7.1"
requires_python = ">=3.8"
summary = "A utility to find python versions on your system"
groups = ["dev"]
dependencies = [
    "packaging>=20",
    "platformdirs>=4.3.6",
]
files = [
    {file = "findpython-0.7.1-py3-none-any.whl", hash = "sha256:1b78b1ff6e886cbddeffe80f8ecdbf2b8b061169bbd18b673070e26b644c51ac"},
    {file = "findpython-0.7.1.tar.gz", hash = "sha256:9f29e6a3dabdb75f2b39c949772c0ed26eab15308006669f3478cdab0d867c78"},
]

[[package]]
name = "h11"
version = "0.16.0"
requires_python = ">=3.8"
summary = "A pure-Python, bring-your-own-I/O implementation of HTTP/1.1"
groups = ["default", "dev"]
files = [
    {file = "h11-0.16.0-py3-none-any.whl", hash = "sha256:63cf8bbe7522de3bf65932fda1d9c2772064ffb3dae62d55932da54b31cb6c86"},
    {file = "h11-0.16.0.tar.gz", hash = "sha256:4e35b956cf45792e4caa5885e69fba00bdbc6ffafbfa020300e549b208ee5ff1"},
]

[[package]]
name = "hishel"
version = "1.1.7"
requires_python = ">=3.9"
summary = "Elegant HTTP Caching for Python"
groups = ["dev"]
dependencies = [
    "msgpack>=1.1.2",
    "typing-extensions>=4.14.1",
]
files = [
    {file = "hishel-1.1.7-py3-none-any.whl", hash = "sha256:436c2a5a62d705528e581cbeba85b10d130c47c861906b21262a07ac02463a9f"},
    {file = "hishel-1.1.7.tar.gz", hash = "sha256:32c625be581e94dc50b773a8cfb9a65cba487660561950fe976ae49945455179"},
]

[[package]]
name = "hishel"
version = "1.1.7"
extras = ["httpx"]
requires_python = ">=3.9"
summary = "Elegant HTTP Caching for Python"
groups = ["dev"]
dependencies = [
    "anyio>=4.9.0",
    "anysqlite>=0.0.5",
    "hishel==1.1.7",
    "httpx>=0.28.1",
]
files = [
    {file = "hishel-1.1.7-py3-none-any.whl", hash = "sha256:436c2a5a62d705528e581cbeba85b10d130c47c861906b21262a07ac02463a9f"},
    {file = "hishel-1.1.7.tar.gz", hash = "sha256:32c625be581e94dc50b773a8cfb9a65cba487660561950fe976ae49945455179"},
]

[[package]]
name = "httpcore"
version = "1.0.9"
requires_python = ">=3.8"
summary = "A minimal low-level HTTP client."
groups = ["default", "dev"]
dependencies = [
    "certifi",
    "h11>=0.16",
]
files = [
    {file = "httpcore-1.0.9-py3-none-any.whl", hash = "sha256:2d400746a40668fc9dec9810239072b40b4484b640a8c38fd654a024c7a1bf55"},
    {file = "httpcore-1.0.9.tar.gz", hash = "sha256:6e34463af53fd2ab5d807f399a9b45ea31c3dfa2276f15a2c3f00afff6e176e8"},
]

[[package]]
name = "httpx"
version = "0.28.1"
requires_python = ">=3.8"
summary = "The next generation HTTP client."
groups = ["default", "dev"]
dependencies = [
    "anyio",
    "certifi",
    "httpcore==1.*",
    "idna",
]
files = [
    {file = "httpx-0.28.1-py3-none-any.whl", hash = "sha256:d909fcccc110f8c7faf814ca82a9a4d816bc5a6dbfea25d6591d6985b8ba59ad"},
    {file = "httpx-0.28.1.tar.gz", hash = "sha256:75e98c5f16b0f35b567856f597f06ff2270a374470a5c2392242528e3e3e42fc"},
]

[[package]]
name = "httpx"
version = "0.28.1"
extras = ["socks"]
requires_python = ">=3.8"
summary = "The next generation HTTP client."
groups = ["dev"]
dependencies = [
    "httpx==0.28.1",
    "socksio==1.*",
]
files = [
    {file = "httpx-0.28.1-py3-none-any.whl", hash = "sha256:d909fcccc110f8c7faf814ca82a9a4d816bc5a6dbfea25d6591d6985b8ba59ad"},
    {file = "httpx-0.28.1.tar.gz", hash = "sha256:75e98c5f16b0f35b567856f597f06ff2270a374470a5c2392242528e3e3e42fc"},
]

[[package]]
name = "id"
version = "1.5.0"
requires_python = ">=3.8"
summary = "A tool for generating OIDC identities"
groups = ["dev"]
dependencies = [
    "requests",
]
files = [
    {file = "id-1.5.0-py3-none-any.whl", hash = "sha256:f1434e1cef91f2cbb8a4ec64663d5a23b9ed43ef44c4c957d02583d61714c658"},
    {file = "id-1.5.0.tar.gz", hash = "sha256:292cb8a49eacbbdbce97244f47a97b4c62540169c976552e497fd57df0734c1d"},
]

[[package]]
name = "idna"
version = "3.11"
requires_python = ">=3.8"
summary = "Internationalized Domain Names in Applications (IDNA)"
groups = ["default", "dev"]
files = [
    {file = "idna-3.11-py3-none-any.whl", hash = "sha256:771a87f49d9defaf64091e6e6fe9c18d4833f140bd19464795bc32d966ca37ea"},
    {file = "idna-3.11.tar.gz", hash = "sha256:795dafcc9c04ed0c1fb032c2aa73654d8e8c5023a7df64a53f39190ada629902"},
]

[[package]]
name = "installer"
version = "0.7.0"
requires_python = ">=3.7"
summary = "A library for installing Python wheels."
groups = ["dev"]
files = [
    {file = "installer-0.7.0-py3-none-any.whl", hash = "sha256:05d1933f0a5ba7d8d6296bb6d5018e7c94fa473ceb10cf198a92ccea19c27b53"},
    {file = "installer-0.7.0.tar.gz", hash = "sha256:a26d3e3116289bb08216e0d0f7d925fcef0b0194eedfa0c944bcaaa106c4b631"},
]

[[package]]
name = "markdown-it-py"
version = "4.0.0"
requires_python = ">=3.10"
summary = "Python port of markdown-it. Markdown parsing, done right!"
groups = ["dev"]
dependencies = [
    "mdurl~=0.1",
]
files = [
    {file = "markdown_it_py-4.0.0-py3-none-any.whl", hash = "sha256:87327c59b172c5011896038353a81343b6754500a08cd7a4973bb48c6d578147"},
    {file = "markdown_it_py-4.0.0.tar.gz", hash = "sha256:cb0a2b4aa34f932c007117b194e945bd74e0ec24133ceb5bac59009cda1cb9f3"},
]

[[package]]
name = "mdurl"
version = "0.1.2"
requires_python = ">=3.7"
summary = "Markdown URL utilities"
groups = ["dev"]
files = [
    {file = "mdurl-0.1.2-py3-none-any.whl", hash = "sha256:84008a41e51615a49fc9966191ff91509e3c40b939176e643fd50a5c2196b8f8"},
    {file = "mdurl-0.1.2.tar.gz", hash = "sha256:bb413d29f5eea38f31dd4754dd7377d4465116fb207585f97bf925588687c1ba"},
]

[[package]]
name = "msgpack"
version = "1.1.2"
requires_python = ">=3.9"
summary = "MessagePack serializer"
groups = ["dev"]
files = [
    {file = "msgpack-1.1.2-cp313-cp313-macosx_10_13_x86_64.whl", hash = "sha256:4efd7b5979ccb539c221a4c4e16aac1a533efc97f3b759bb5a5ac9f6d10383bf"},
    {file = "msgpack-1.1.2-cp313-cp313-macosx_11_0_arm64.whl", hash = "sha256:42eefe2c3e2af97ed470eec850facbe1b5ad1d6eacdbadc42ec98e7dcf68b4b7"},
    {file = "msgpack-1.1.2-cp313-cp313-manylinux2014_aarch64.manylinux_2_17_aarch64.manylinux_2_28_aarch64.whl", hash = "sha256:1fdf7d83102bf09e7ce3357de96c59b627395352a4024f6e2458501f158bf999"},
    {file = "msgpack-1.1.2-cp313-cp313-manylinux2014_x86_64.manylinux_2_17_x86_64.manylinux_2_28_x86_64.whl", hash = "sha256:fac4be746328f90caa3cd4bc67e6fe36ca2bf61d5c6eb6d895b6527e3f05071e"},
    {file = "msgpack-1.1.2-cp313-cp313-musllinux_1_2_aarch64.whl", hash = "sha256:fffee09044073e69f2bad787071aeec727183e7580443dfeb8556cbf1978d162"},
    {file = "msgpack-1.1.2-cp313-cp313-musllinux_1_2_x86_64.whl", hash = "sha256:5928604de9b032bc17f5099496417f113c45bc6bc21b5c6920caf34b3c428794"},
    {file = "msgpack-1.1.2-cp313-cp313-win32.whl", hash = "sha256:a7787d353595c7c7e145e2331abf8b7ff1e6673a6b974ded96e6d4ec09f00c8c"},
    {file = "msgpack-1.1.2-cp313-cp313-win_amd64.whl", hash = "sha256:a465f0dceb8e13a487e54c07d04ae3ba131c7c5b95e2612596eafde1dccf64a9"},
    {file = "msgpack-1.1.2-cp313-cp313-win_arm64.whl", hash = "sha256:e69b39f8c0aa5ec24b57737ebee40be647035158f14ed4b40e6f150077e21a84"},
    {file = "msgpack-1.1.2.tar.gz", hash = "sha256:3b60763c1373dd60f398488069bcdc703cd08a711477b5d480eecc9f9626f47e"},
]

[[package]]
name = "packaging"
version = "25.0"
requires_python = ">=3.8"
summary = "Core utilities for Python packages"
groups = ["dev"]
files = [
    {file = "packaging-25.0-py3-none-any.whl", hash = "sha256:29572ef2b1f17581046b3a2227d5c611fb25ec70ca1ba8554b24b0e69331a484"},
    {file = "packaging-25.0.tar.gz", hash = "sha256:d443872c98d677bf60f6a1f2f8c1cb748e8fe762d2bf9d3148b5599295b0fc4f"},
]

[[package]]
name = "pbs-installer"
version = "2025.12.17"
requires_python = ">=3.8"
summary = "Installer for Python Build Standalone"
groups = ["dev"]
files = [
    {file = "pbs_installer-2025.12.17-py3-none-any.whl", hash = "sha256:1a899ac5af9ca4c59a7a7944ec3fcf7ad7e40d5684b12eadcfbeee7c59d44123"},
    {file = "pbs_installer-2025.12.17.tar.gz", hash = "sha256:cf32043fadd168c17a1b18c1c3f801090281bd5c9ce101e2deb7e0e51c8279dd"},
]

[[package]]
name = "pdm"
version = "2.26.3"
requires_python = ">=3.9"
summary = "A modern Python package and dependency manager supporting the latest PEP standards"
groups = ["dev"]
dependencies = [
    "blinker",
    "certifi>=2024.8.30",
    "dep-logic>=0.5",
    "filelock>=3.13",
    "findpython<1.0.0a0,>=0.7.0",
    "hishel[httpx]>=1.0.0",
    "httpcore>=1.0.6",
    "httpx[socks]<1,>0.20",
    "id>=1.5.0",
    "importlib-metadata>=3.6; python_version < \"3.10\"",
    "installer<0.8,>=0.7",
    "packaging>22.0",
    "pbs-installer>=2025.10.7",
    "platformdirs",
    "pyproject-hooks",
    "python-dotenv>=0.15",
    "resolvelib>=1.1",
    "rich>=12.3.0",
    "shellingham>=1.3.2",
    "tomli>=1.1.0; python_version < \"3.11\"",
    "tomlkit<1,>=0.11.1",
    "truststore>=0.10.4; python_version >= \"3.10\"",
    "unearth>=0.17.5",
    "virtualenv>=20",
]
files = [
    {file = "pdm-2.26.3-py3-none-any.whl", hash = "sha256:6dd822dcc2db3198cc6da39f3d357bf2531f78dc3666d6607dc6d523f2d77c61"},
    {file = "pdm-2.26.3.tar.gz", hash = "sha256:30e17ed5b1697949ac509d8c8e1ad96160eab21c88dea4f1a6cf101bdb2787e5"},
]

[[package]]
name = "platformdirs"
version = "4.5.1"
requires_python = ">=3.10"
summary = "A small Python package for determining appropriate platform-specific dirs, e.g. a `user data dir`."
groups = ["dev"]
files = [
    {file = "platformdirs-4.5.1-py3-none-any.whl", hash = "sha256:d03afa3963c806a9bed9d5125c8f4cb2fdaf74a55ab60e5d59b3fde758104d31"},
    {file = "platformdirs-4.5.1.tar.gz", hash = "sha256:61d5cdcc6065745cdd94f0f878977f8de9437be93de97c1c12f853c9c0cdcbda"},
]

[[package]]
name = "pydantic"
version = "2.12.5"
requires_python = ">=3.9"
summary = "Data validation using Python type hints"
groups = ["default"]
dependencies = [
    "annotated-types>=0.6.0",
    "pydantic-core==2.41.5",
    "typing-extensions>=4.14.1",
    "typing-inspection>=0.4.2",
]
files = [
    {file = "pydantic-2.12.5-py3-none-any.whl", hash = "sha256:e561593fccf61e8a20fc46dfc2dfe075b8be7d0188df33f221ad1f0139180f9d"},
    {file = "pydantic-2.12.5.tar.gz", hash = "sha256:4d351024c75c0f085a9febbb665ce8c0c6ec5d30e903bdb6394b7ede26aebb49"},
]

[[package]]
name = "pydantic-core"
version = "2.41.5"
requires_python = ">=3.9"
summary = "Core functionality for Pydantic validation and serialization"
groups = ["default"]
dependencies = [
    "typing-extensions>=4.14.1",
]
files = [
    {file = "pydantic_core-2.41.5-cp313-cp313-macosx_10_12_x86_64.whl", hash = "sha256:941103c9be18ac8daf7b7adca8228f8ed6bb7a1849020f643b3a14d15b1924d9"},
    {file = "pydantic_core-2.41.5-cp313-cp313-macosx_11_0_arm64.whl", hash = "sha256:112e305c3314f40c93998e567879e887a3160bb8689ef3d2c04b6cc62c33ac34"},
    {file = "pydantic_core-2.41.5-cp313-cp313-manylinux_2_17_aarch64.manylinux2014_aarch64.whl", hash = "sha256:0cbaad15cb0c90aa221d43c00e77bb33c93e8d36e0bf74760cd00e732d10a6a0"},
    {file = "pydantic_core-2.41.5-cp313-cp313-manylinux_2_17_armv7l.manylinux2014_armv7l.whl", hash = "sha256:03ca43e12fab6023fc79d28ca6b39b05f794ad08ec2feccc59a339b02f2b3d33"},
    {file = "pydantic_core-2.41.5-cp313-cp313-manylinux_2_17_ppc64le.manylinux2014_ppc64le.whl", hash = "sha256:dc799088c08fa04e43144b164feb0c13f9a0bc40503f8df3e9fde58a3c0c101e"},
    {file = "pydantic_core-2.41.5-cp313-cp313-manylinux_2_17_s390x.manylinux2014_s390x.whl", hash = "sha256:97aeba56665b4c3235a0e52b2c2f5ae9cd071b8a8310ad27bddb3f7fb30e9aa2"},
    {file = "pydantic_core-2.41.5-cp313-cp313-manylinux_2_17_x86_64.manylinux2014_x86_64.whl", hash = "sha256:406bf18d345822d6c21366031003612b9c77b3e29ffdb0f612367352aab7d586"},
    {file = "pydantic_core-2.41.5-cp313-cp313-manylinux_2_5_i686.manylinux1_i686.whl", hash = "sha256:b93590ae81f7010dbe380cdeab6f515902ebcbefe0b9327cc4804d74e93ae69d"},
    {file = "pydantic_core-2.41.5-cp313-cp313-musllinux_1_1_aarch64.whl", hash = "sha256:01a3d0ab748ee531f4ea6c3e48ad9dac84ddba4b0d82291f87248f2f9de8d740"},
    {file = "pydantic_core-2.41.5-cp313-cp313-musllinux_1_1_armv7l.whl", hash = "sha256:6561e94ba9dacc9c61bce40e2d6bdc3bfaa0259d3ff36ace3b1e6901936d2e3e"},
    {file = "pydantic_core-2.41.5-cp313-cp313-musllinux_1_1_x86_64.whl", hash = "sha256:915c3d10f81bec3a74fbd4faebe8391013ba61e5a1a8d48c4455b923bdda7858"},
    {file = "pydantic_core-2.41.5-cp313-cp313-win32.whl", hash = "sha256:650ae77860b45cfa6e2cdafc42618ceafab3a2d9a3811fcfbd3bbf8ac3c40d36"},
    {file = "pydantic_core-2.41.5-cp313-cp313-win_amd64.whl", hash = "sha256:79ec52ec461e99e13791ec6508c722742ad745571f234ea6255bed38c6480f11"},
    {file = "pydantic_core-2.41.5-cp313-cp313-win_arm64.whl", hash = "sha256:3f84d5c1b4ab906093bdc1ff10484838aca54ef08de4afa9de0f5f14d69639cd"},
    {file = "pydantic_core-2.41.5.tar.gz", hash = "sha256:08daa51ea16ad373ffd5e7606252cc32f07bc72b28284b6bc9c6df804816476e"},
]

[[package]]
name = "pygments"
version = "2.19.2"
requires_python = ">=3.8"
summary = "Pygments is a syntax highlighting package written in Python."
groups = ["dev"]
files = [
    {file = "pygments-2.19.2-py3-none-any.whl", hash = "sha256:86540386c03d588bb81d44bc3928634ff26449851e99741617ecb9037ee5ec0b"},
    {file = "pygments-2.19.2.tar.gz", hash = "sha256:636cb2477cec7f8952536970bc533bc43743542f70392ae026374600add5b887"},
]

[[package]]
name = "pyproject-hooks"
version = "1.2.0"
requires_python = ">=3.7"
summary = "Wrappers to call pyproject.toml-based build backend hooks."
groups = ["dev"]
files = [
    {file = "pyproject_hooks-1.2.0-py3-none-any.whl", hash = "sha256:9e5c6bfa8dcc30091c74b0cf803c81fdd29d94f01992a7707bc97babb1141913"},
    {file = "pyproject_hooks-1.2.0.tar.gz", hash = "sha256:1e859bd5c40fae9448642dd871adf459e5e2084186e8d2c2a79a824c970da1f8"},
]

[[package]]
name = "python-dotenv"
version = "1.2.1"
requires_python = ">=3.9"
summary = "Read key-value pairs from a .env file and set them as environment variables"
groups = ["dev"]
files = [
    {file = "python_dotenv-1.2.1-py3-none-any.whl", hash = "sha256:b81ee9561e9ca4004139c6cbba3a238c32b03e4894671e181b671e8cb8425d61"},
    {file = "python_dotenv-1.2.1.tar.gz", hash = "sha256:42667e897e16ab0d66954af0e60a9caa94f0fd4ecf3aaf6d2d260eec1aa36ad6"},
]

[[package]]
name = "requests"
version = "2.32.5"
requires_python = ">=3.9"
summary = "Python HTTP for Humans."
groups = ["dev"]
dependencies = [
    "certifi>=2017.4.17",
    "charset-normalizer<4,>=2",
    "idna<4,>=2.5",
    "urllib3<3,>=1.21.1",
]
files = [
    {file = "requests-2.32.5-py3-none-any.whl", hash = "sha256:2462f94637a34fd532264295e186976db0f5d453d1cdd31473c85a6a161affb6"},
    {file = "requests-2.32.5.tar.gz", hash = "sha256:dbba0bac56e100853db0ea71b82b4dfd5fe2bf6d3754a8893c3af500cec7d7cf"},
]

[[package]]
name = "resolvelib"
version = "1.2.1"
requires_python = ">=3.9"
summary = "Resolve abstract dependencies into concrete ones"
groups = ["dev"]
files = [
    {file = "resolvelib-1.2.1-py3-none-any.whl", hash = "sha256:fb06b66c8da04172d9e72a21d7d06186d8919e32ae5ab5cdf5b9d920be805ac2"},
    {file = "resolvelib-1.2.1.tar.gz", hash = "sha256:7d08a2022f6e16ce405d60b68c390f054efcfd0477d4b9bd019cc941c28fad1c"},
]

[[package]]
name = "rich"
version = "14.2.0"
requires_python = ">=3.8.0"
summary = "Render rich text, tables, progress bars, syntax highlighting, markdown and more to the terminal"
groups = ["dev"]
dependencies = [
    "markdown-it-py>=2.2.0",
    "pygments<3.0.0,>=2.13.0",
]
files = [
    {file = "rich-14.2.0-py3-none-any.whl", hash = "sha256:76bc51fe2e57d2b1be1f96c524b890b816e334ab4c1e45888799bfaab0021edd"},
    {file = "rich-14.2.0.tar.gz", hash = "sha256:73ff50c7c0c1c77c8243079283f4edb376f0f6442433aecb8ce7e6d0b92d1fe4"},
]

[[package]]
name = "ruff"
version = "0.14.10"
requires_python = ">=3.7"
summary = "An extremely fast Python linter and code formatter, written in Rust."
groups = ["dev"]
files = [
    {file = "ruff-0.14.10-py3-none-linux_armv6l.whl", hash = "sha256:7a3ce585f2ade3e1f29ec1b92df13e3da262178df8c8bdf876f48fa0e8316c49"},
    {file = "ruff-0.14.10-py3-none-macosx_10_12_x86_64.whl", hash = "sha256:674f9be9372907f7257c51f1d4fc902cb7cf014b9980152b802794317941f08f"},
    {file = "ruff-0.14.10-py3-none-macosx_11_0_arm64.whl", hash = "sha256:d85713d522348837ef9df8efca33ccb8bd6fcfc86a2cde3ccb4bc9d28a18003d"},
    {file = "ruff-0.14.10-py3-none-manylinux_2_17_aarch64.manylinux2014_aarch64.whl", hash = "sha256:6987ebe0501ae4f4308d7d24e2d0fe3d7a98430f5adfd0f1fead050a740a3a77"},
    {file = "ruff-0.14.10-py3-none-manylinux_2_17_armv7l.manylinux2014_armv7l.whl", hash = "sha256:16a01dfb7b9e4eee556fbfd5392806b1b8550c9b4a9f6acd3dbe6812b193c70a"},
    {file = "ruff-0.14.10-py3-none-manylinux_2_17_i686.manylinux2014_i686.whl", hash = "sha256:7165d31a925b7a294465fa81be8c12a0e9b60fb02bf177e79067c867e71f8b1f"},
    {file = "ruff-0.14.10-py3-none-manylinux_2_17_ppc64.manylinux2014_ppc64.whl", hash = "sha256:c561695675b972effb0c0a45db233f2c816ff3da8dcfbe7dfc7eed625f218935"},
    {file = "ruff-0.14.10-py3-none-manylinux_2_17_ppc64le.manylinux2014_ppc64le.whl", hash = "sha256:4bb98fcbbc61725968893682fd4df8966a34611239c9fd07a1f6a07e7103d08e"},
    {file = "ruff-0.14.10-py3-none-manylinux_2_17_s390x.manylinux2014_s390x.whl", hash = "sha256:f24b47993a9d8cb858429e97bdf8544c78029f09b520af615c1d261bf827001d"},
    {file = "ruff-0.14.10-py3-none-manylinux_2_17_x86_64.manylinux2014_x86_64.whl", hash = "sha256:59aabd2e2c4fd614d2862e7939c34a532c04f1084476d6833dddef4afab87e9f"},
    {file = "ruff-0.14.10-py3-none-manylinux_2_31_riscv64.whl", hash = "sha256:213db2b2e44be8625002dbea33bb9c60c66ea2c07c084a00d55732689d697a7f"},
    {file = "ruff-0.14.10-py3-none-musllinux_1_2_aarch64.whl", hash = "sha256:b914c40ab64865a17a9a5b67911d14df72346a634527240039eb3bd650e5979d"},
    {file = "ruff-0.14.10-py3-none-musllinux_1_2_armv7l.whl", hash = "sha256:1484983559f026788e3a5c07c81ef7d1e97c1c78ed03041a18f75df104c45405"},
    {file = "ruff-0.14.10-py3-none-musllinux_1_2_i686.whl", hash = "sha256:c70427132db492d25f982fffc8d6c7535cc2fd2c83fc8888f05caaa248521e60"},
    {file = "ruff-0.14.10-py3-none-musllinux_1_2_x86_64.whl", hash = "sha256:5bcf45b681e9f1ee6445d317ce1fa9d6cba9a6049542d1c3d5b5958986be8830"},
    {file = "ruff-0.14.10-py3-none-win32.whl", hash = "sha256:104c49fc7ab73f3f3a758039adea978869a918f31b73280db175b43a2d9b51d6"},
    {file = "ruff-0.14.10-py3-none-win_amd64.whl", hash = "sha256:466297bd73638c6bdf06485683e812db1c00c7ac96d4ddd0294a338c62fdc154"},
    {file = "ruff-0.14.10-py3-none-win_arm64.whl", hash = "sha256:e51d046cf6dda98a4633b8a8a771451107413b0f07183b2bef03f075599e44e6"},
    {file = "ruff-0.14.10.tar.gz", hash = "sha256:9a2e830f075d1a42cd28420d7809ace390832a490ed0966fe373ba288e77aaf4"},
]

[[package]]
name = "shellingham"
version = "1.5.4"
requires_python = ">=3.7"
summary = "Tool to Detect Surrounding Shell"
groups = ["dev"]
files = [
    {file = "shellingham-1.5.4-py2.py3-none-any.whl", hash = "sha256:7ecfff8f2fd72616f7481040475a65b2bf8af90a56c89140852d1120324e8686"},
    {file = "shellingham-1.5.4.tar.gz", hash = "sha256:8dbca0739d487e5bd35ab3ca4b36e11c4078f3a234bfce294b0a0291363404de"},
]

[[package]]
name = "socksio"
version = "1.0.0"
requires_python = ">=3.6"
summary = "Sans-I/O implementation of SOCKS4, SOCKS4A, and SOCKS5."
groups = ["dev"]
files = [
    {file = "socksio-1.0.0-py3-none-any.whl", hash = "sha256:95dc1f15f9b34e8d7b16f06d74b8ccf48f609af32ab33c608d08761c5dcbb1f3"},
    {file = "socksio-1.0.0.tar.gz", hash = "sha256:f88beb3da5b5c38b9890469de67d0cb0f9d494b78b106ca1845f96c10b91c4ac"},
]

[[package]]
name = "starlette"
version = "0.50.0"
requires_python = ">=3.10"
summary = "The little ASGI library that shines."
groups = ["default"]
dependencies = [
    "anyio<5,>=3.6.2",
    "typing-extensions>=4.10.0; python_version < \"3.13\"",
]
files = [
    {file = "starlette-0.50.0-py3-none-any.whl", hash = "sha256:9e5391843ec9b6e472eed1365a78c8098cfceb7a74bfd4d6b1c0c0095efb3bca"},
    {file = "starlette-0.50.0.tar.gz", hash = "sha256:a2a17b22203254bcbc2e1f926d2d55f3f9497f769416b3190768befe598fa3ca"},
]

[[package]]
name = "tomlkit"
version = "0.13.3"
requires_python = ">=3.8"
summary = "Style preserving TOML library"
groups = ["dev"]
files = [
    {file = "tomlkit-0.13.3-py3-none-any.whl", hash = "sha256:c89c649d79ee40629a9fda55f8ace8c6a1b42deb912b2a8fd8d942ddadb606b0"},
    {file = "tomlkit-0.13.3.tar.gz", hash = "sha256:430cf247ee57df2b94ee3fbe588e71d362a941ebb545dec29b53961d61add2a1"},
]

[[package]]
name = "truststore"
version = "0.10.4"
requires_python = ">=3.10"
summary = "Verify certificates using native system trust stores"
groups = ["dev"]
marker = "python_version >= \"3.10\""
files = [
    {file = "truststore-0.10.4-py3-none-any.whl", hash = "sha256:adaeaecf1cbb5f4de3b1959b42d41f6fab57b2b1666adb59e89cb0b53361d981"},
    {file = "truststore-0.10.4.tar.gz", hash = "sha256:9d91bd436463ad5e4ee4aba766628dd6cd7010cf3e2461756b3303710eebc301"},
]

[[package]]
name = "typing-extensions"
version = "4.15.0"
requires_python = ">=3.9"
summary = "Backported and Experimental Type Hints for Python 3.9+"
groups = ["default", "dev"]
files = [
    {file = "typing_extensions-4.15.0-py3-none-any.whl", hash = "sha256:f0fa19c6845758ab08074a0cfa8b7aecb71c999ca73d62883bc25cc018c4e548"},
    {file = "typing_extensions-4.15.0.tar.gz", hash = "sha256:0cea48d173cc12fa28ecabc3b837ea3cf6f38c6d1136f85cbaaf598984861466"},
]

[[package]]
name = "typing-inspection"
version = "0.4.2"
requires_python = ">=3.9"
summary = "Runtime typing introspection tools"
groups = ["default"]
dependencies = [
    "typing-extensions>=4.12.0",
]
files = [
    {file = "typing_inspection-0.4.2-py3-none-any.whl", hash = "sha256:4ed1cacbdc298c220f1bd249ed5287caa16f34d44ef4e9c3d0cbad5b521545e7"},
    {file = "typing_inspection-0.4.2.tar.gz", hash = "sha256:ba561c48a67c5958007083d386c3295464928b01faa735ab8547c5692e87f464"},
]

[[package]]
name = "unearth"
version = "0.18.2"
requires_python = ">=3.9"
summary = "A utility to fetch and download python packages"
groups = ["dev"]
dependencies = [
    "httpx<1,>=0.27.0",
    "packaging>=20",
]
files = [
    {file = "unearth-0.18.2-py3-none-any.whl", hash = "sha256:31fd55d67c0e46a1ebb78993a2010568e6c4231334a3207d18d5d4a549d8d692"},
    {file = "unearth-0.18.2.tar.gz", hash = "sha256:1e53d7f52f46dd5f875e77ff1c55b12477e215a092e4b66c9764a77df4a9b520"},
]

[[package]]
name = "urllib3"
version = "2.6.2"
requires_python = ">=3.9"
summary = "HTTP library with thread-safe connection pooling, file post, and more."
groups = ["dev"]
files = [
    {file = "urllib3-2.6.2-py3-none-any.whl", hash = "sha256:ec21cddfe7724fc7cb4ba4bea7aa8e2ef36f607a4bab81aa6ce42a13dc3f03dd"},
    {file = "urllib3-2.6.2.tar.gz", hash = "sha256:016f9c98bb7e98085cb2b4b17b87d2c702975664e4f060c6532e64d1c1a5e797"},
]

[[package]]
name = "uvicorn"
version = "0.40.0"
requires_python = ">=3.10"
summary = "The lightning-fast ASGI server."
groups = ["default"]
dependencies = [
    "click>=7.0",
    "h11>=0.8",
    "typing-extensions>=4.0; python_version < \"3.11\"",
]
files = [
    {file = "uvicorn-0.40.0-py3-none-any.whl", hash = "sha256:c6c8f55bc8bf13eb6fa9ff87ad62308bbbc33d0b67f84293151efe87e0d5f2ee"},
    {file = "uvicorn-0.40.0.tar.gz", hash = "sha256:839676675e87e73694518b5574fd0f24c9d97b46bea16df7b8c05ea1a51071ea"},
]

[[package]]
name = "virtualenv"
version = "20.35.4"
requires_python = ">=3.8"
summary = "Virtual Python Environment builder"
groups = ["dev"]
dependencies = [
    "distlib<1,>=0.3.7",
    "filelock<4,>=3.12.2",
    "importlib-metadata>=6.6; python_version < \"3.8\"",
    "platformdirs<5,>=3.9.1",
    "typing-extensions>=4.13.2; python_version < \"3.11\"",
]
files = [
    {file = "virtualenv-20.35.4-py3-none-any.whl", hash = "sha256:c21c9cede36c9753eeade68ba7d523529f228a403463376cf821eaae2b650f1b"},
    {file = "virtualenv-20.35.4.tar.gz", hash = "sha256:643d3914d73d3eeb0c552cbb12d7e82adf0e504dbf86a3182f8771a153a1971c"},
]

[[package]]
name = "watchfiles"
version = "1.1.1"
requires_python = ">=3.9"
summary = "Simple, modern and high performance file watching and code reload in python."
groups = ["default"]
dependencies = [
    "anyio>=3.0.0",
]
files = [
    {file = "watchfiles-1.1.1-cp313-cp313-macosx_10_12_x86_64.whl", hash = "sha256:130e4876309e8686a5e37dba7d5e9bc77e6ed908266996ca26572437a5271e18"},
    {file = "watchfiles-1.1.1-cp313-cp313-macosx_11_0_arm64.whl", hash = "sha256:5f3bde70f157f84ece3765b42b4a52c6ac1a50334903c6eaf765362f6ccca88a"},
    {file = "watchfiles-1.1.1-cp313-cp313-manylinux_2_17_aarch64.manylinux2014_aarch64.whl", hash = "sha256:14e0b1fe858430fc0251737ef3824c54027bedb8c37c38114488b8e131cf8219"},
    {file = "watchfiles-1.1.1-cp313-cp313-manylinux_2_17_armv7l.manylinux2014_armv7l.whl", hash = "sha256:f27db948078f3823a6bb3b465180db8ebecf26dd5dae6f6180bd87383b6b4428"},
    {file = "watchfiles-1.1.1-cp313-cp313-manylinux_2_17_i686.manylinux2014_i686.whl", hash = "sha256:059098c3a429f62fc98e8ec62b982230ef2c8df68c79e826e37b895bc359a9c0"},
    {file = "watchfiles-1.1.1-cp313-cp313-manylinux_2_17_ppc64le.manylinux2014_ppc64le.whl", hash = "sha256:bfb5862016acc9b869bb57284e6cb35fdf8e22fe59f7548858e2f971d045f150"},
    {file = "watchfiles-1.1.1-cp313-cp313-manylinux_2_17_s390x.manylinux2014_s390x.whl", hash = "sha256:319b27255aacd9923b8a276bb14d21a5f7ff82564c744235fc5eae58d95422ae"},
    {file = "watchfiles-1.1.1-cp313-cp313-manylinux_2_17_x86_64.manylinux2014_x86_64.whl", hash = "sha256:c755367e51db90e75b19454b680903631d41f9e3607fbd941d296a020c2d752d"},
    {file = "watchfiles-1.1.1-cp313-cp313-musllinux_1_1_aarch64.whl", hash = "sha256:c22c776292a23bfc7237a98f791b9ad3144b02116ff10d820829ce62dff46d0b"},
    {file = "watchfiles-1.1.1-cp313-cp313-musllinux_1_1_x86_64.whl", hash = "sha256:3a476189be23c3686bc2f4321dd501cb329c0a0469e77b7b534ee10129ae6374"},
    {file = "watchfiles-1.1.1-cp313-cp313-win32.whl", hash = "sha256:bf0a91bfb5574a2f7fc223cf95eeea79abfefa404bf1ea5e339c0c1560ae99a0"},
    {file = "watchfiles-1.1.1-cp313-cp313-win_amd64.whl", hash = "sha256:52e06553899e11e8074503c8e716d574adeeb7e68913115c4b3653c53f9bae42"},
    {file = "watchfiles-1.1.1-cp313-cp313-win_arm64.whl", hash = "sha256:ac3cc5759570cd02662b15fbcd9d917f7ecd47efe0d6b40474eafd246f91ea18"},
    {file = "watchfiles-1.1.1-cp313-cp313t-macosx_10_12_x86_64.whl", hash = "sha256:563b116874a9a7ce6f96f87cd0b94f7faf92d08d0021e837796f0a14318ef8da"},
    {file = "watchfiles-1.1.1-cp313-cp313t-macosx_11_0_arm64.whl", hash = "sha256:3ad9fe1dae4ab4212d8c91e80b832425e24f421703b5a42ef2e4a1e215aff051"},
    {file = "watchfiles-1.1.1-cp313-cp313t-manylinux_2_17_aarch64.manylinux2014_aarch64.whl", hash = "sha256:ce70f96a46b894b36eba678f153f052967a0d06d5b5a19b336ab0dbbd029f73e"},
    {file = "watchfiles-1.1.1-cp313-cp313t-manylinux_2_17_armv7l.manylinux2014_armv7l.whl", hash = "sha256:cb467c999c2eff23a6417e58d75e5828716f42ed8289fe6b77a7e5a91036ca70"},
    {file = "watchfiles-1.1.1-cp313-cp313t-manylinux_2_17_i686.manylinux2014_i686.whl", hash = "sha256:836398932192dae4146c8f6f737d74baeac8b70ce14831a239bdb1ca882fc261"},
    {file = "watchfiles-1.1.1-cp313-cp313t-manylinux_2_17_ppc64le.manylinux2014_ppc64le.whl", hash = "sha256:743185e7372b7bc7c389e1badcc606931a827112fbbd37f14c537320fca08620"},
    {file = "watchfiles-1.1.1-cp313-cp313t-manylinux_2_17_s390x.manylinux2014_s390x.whl", hash = "sha256:afaeff7696e0ad9f02cbb8f56365ff4686ab205fcf9c4c5b6fdfaaa16549dd04"},
    {file = "watchfiles-1.1.1-cp313-cp313t-manylinux_2_17_x86_64.manylinux2014_x86_64.whl", hash = "sha256:3f7eb7da0eb23aa2ba036d4f616d46906013a68caf61b7fdbe42fc8b25132e77"},
    {file = "watchfiles-1.1.1-cp313-cp313t-musllinux_1_1_aarch64.whl", hash = "sha256:831a62658609f0e5c64178211c942ace999517f5770fe9436be4c2faeba0c0ef"},
    {file = "watchfiles-1.1.1-cp313-cp313t-musllinux_1_1_x86_64.whl", hash = "sha256:f9a2ae5c91cecc9edd47e041a930490c31c3afb1f5e6d71de3dc671bfaca02bf"},
    {file = "watchfiles-1.1.1.tar.gz", hash = "sha256:a173cb5c16c4f40ab19cecf48a534c409f7ea983ab8fed0741304a1c0a31b3f2"},
]
